
Microsoft Visual Studio Solution File, Format Version 12.00
# Visual Studio Version 17
VisualStudioVersion = 17.1.32319.34
MinimumVisualStudioVersion = 10.0.40219.1
Project("{FAE04EC0-301F-11D3-BF4B-00C04F79EFBC}") = "Minecraft", "Minecraft\Minecraft.csproj", "{15C47829-07D6-4AFF-896E-B4ADB627234A}"
EndProject
Global
	GlobalSection(SolutionConfigurationPlatforms) = preSolution
		Debug|Any CPU = Debug|Any CPU
		Release|Any CPU = Release|Any CPU
	EndGlobalSection
	GlobalSection(ProjectConfigurationPlatforms) = postSolution
		{15C47829-07D6-4AFF-896E-B4ADB627234A}.Debug|Any CPU.ActiveCfg = Debug|Any CPU
		{15C47829-07D6-4AFF-896E-B4ADB627234A}.Debug|Any CPU.Build.0 = Debug|Any CPU
		{15C47829-07D6-4AFF-896E-B4ADB627234A}.Release|Any CPU.ActiveCfg = Release|Any CPU
		{15C47829-07D6-4AFF-896E-B4ADB627234A}.Release|Any CPU.Build.0 = Release|Any CPU
	EndGlobalSection
	GlobalSection(SolutionProperties) = preSolution
		HideSolutionNode = FALSE
	EndGlobalSection
	GlobalSection(ExtensibilityGlobals) = postSolution
		SolutionGuid = {203FDCE6-CAA0-41BA-B324-99CDEFA2302F}
	EndGlobalSection
EndGlobal
